
Microsoft Visual Studio Solution File, Format Version 12.00
# Visual Studio Version 17
VisualStudioVersion = 17.0.32014.148
MinimumVisualStudioVersion = 10.0.40219.1
Project("{FAE04EC0-301F-11D3-BF4B-00C04F79EFBC}") = "P01.SumMatrixElements", "P01.SumMatrixElements\P01.SumMatrixElements.csproj", "{6EDAD9FD-8C13-435C-B8DC-FB7B47F0850C}"
EndProject
Project("{FAE04EC0-301F-11D3-BF4B-00C04F79EFBC}") = "P02.SumMatrixColumns", "P02.SumMatrixColumns\P02.SumMatrixColumns.csproj", "{330909A2-F24A-496A-B2CC-23E4842268F0}"
EndProject
Project("{FAE04EC0-301F-11D3-BF4B-00C04F79EFBC}") = "P03.PrimaryDiagonal", "P03.PrimaryDiagonal\P03.PrimaryDiagonal.csproj", "{41D861E0-380F-4350-976D-AE94B1E5B7C3}"
EndProject
Project("{FAE04EC0-301F-11D3-BF4B-00C04F79EFBC}") = "P04.SymbolInMatrix", "P04.SymbolInMatrix\P04.SymbolInMatrix.csproj", "{03381A7F-62BD-4A1E-ACE6-6C19952AF5F6}"
EndProject
Project("{FAE04EC0-301F-11D3-BF4B-00C04F79EFBC}") = "P05.SquareWithMaximumSum", "P05.SquareWithMaximumSum\P05.SquareWithMaximumSum.csproj", "{C320B159-A1D6-43E1-9EAB-5B465AB9B4D1}"
EndProject
Project("{FAE04EC0-301F-11D3-BF4B-00C04F79EFBC}") = "P06.Jagged-ArrayModification", "P06.Jagged-ArrayModification\P06.Jagged-ArrayModification.csproj", "{00EDEB71-2336-4C94-93F9-D881D02FB8DA}"
EndProject
Project("{FAE04EC0-301F-11D3-BF4B-00C04F79EFBC}") = "P07.PascalTriangle", "P07.PascalTriangle\P07.PascalTriangle.csproj", "{165FF38E-6B07-4B70-8E77-F37FA1326239}"
EndProject
Global
	GlobalSection(SolutionConfigurationPlatforms) = preSolution
		Debug|Any CPU = Debug|Any CPU
		Release|Any CPU = Release|Any CPU
	EndGlobalSection
	GlobalSection(ProjectConfigurationPlatforms) = postSolution
		{6EDAD9FD-8C13-435C-B8DC-FB7B47F0850C}.Debug|Any CPU.ActiveCfg = Debug|Any CPU
		{6EDAD9FD-8C13-435C-B8DC-FB7B47F0850C}.Debug|Any CPU.Build.0 = Debug|Any CPU
		{6EDAD9FD-8C13-435C-B8DC-FB7B47F0850C}.Release|Any CPU.ActiveCfg = Release|Any CPU
		{6EDAD9FD-8C13-435C-B8DC-FB7B47F0850C}.Release|Any CPU.Build.0 = Release|Any CPU
		{330909A2-F24A-496A-B2CC-23E4842268F0}.Debug|Any CPU.ActiveCfg = Debug|Any CPU
		{330909A2-F24A-496A-B2CC-23E4842268F0}.Debug|Any CPU.Build.0 = Debug|Any CPU
		{330909A2-F24A-496A-B2CC-23E4842268F0}.Release|Any CPU.ActiveCfg = Release|Any CPU
		{330909A2-F24A-496A-B2CC-23E4842268F0}.Release|Any CPU.Build.0 = Release|Any CPU
		{41D861E0-380F-4350-976D-AE94B1E5B7C3}.Debug|Any CPU.ActiveCfg = Debug|Any CPU
		{41D861E0-380F-4350-976D-AE94B1E5B7C3}.Debug|Any CPU.Build.0 = Debug|Any CPU
		{41D861E0-380F-4350-976D-AE94B1E5B7C3}.Release|Any CPU.ActiveCfg = Release|Any CPU
		{41D861E0-380F-4350-976D-AE94B1E5B7C3}.Release|Any CPU.Build.0 = Release|Any CPU
		{03381A7F-62BD-4A1E-ACE6-6C19952AF5F6}.Debug|Any CPU.ActiveCfg = Debug|Any CPU
		{03381A7F-62BD-4A1E-ACE6-6C19952AF5F6}.Debug|Any CPU.Build.0 = Debug|Any CPU
		{03381A7F-62BD-4A1E-ACE6-6C19952AF5F6}.Release|Any CPU.ActiveCfg = Release|Any CPU
		{03381A7F-62BD-4A1E-ACE6-6C19952AF5F6}.Release|Any CPU.Build.0 = Release|Any CPU
		{C320B159-A1D6-43E1-9EAB-5B465AB9B4D1}.Debug|Any CPU.ActiveCfg = Debug|Any CPU
		{C320B159-A1D6-43E1-9EAB-5B465AB9B4D1}.Debug|Any CPU.Build.0 = Debug|Any CPU
		{C320B159-A1D6-43E1-9EAB-5B465AB9B4D1}.Release|Any CPU.ActiveCfg = Release|Any CPU
		{C320B159-A1D6-43E1-9EAB-5B465AB9B4D1}.Release|Any CPU.Build.0 = Release|Any CPU
		{00EDEB71-2336-4C94-93F9-D881D02FB8DA}.Debug|Any CPU.ActiveCfg = Debug|Any CPU
		{00EDEB71-2336-4C94-93F9-D881D02FB8DA}.Debug|Any CPU.Build.0 = Debug|Any CPU
		{00EDEB71-2336-4C94-93F9-D881D02FB8DA}.Release|Any CPU.ActiveCfg = Release|Any CPU
		{00EDEB71-2336-4C94-93F9-D881D02FB8DA}.Release|Any CPU.Build.0 = Release|Any CPU
		{165FF38E-6B07-4B70-8E77-F37FA1326239}.Debug|Any CPU.ActiveCfg = Debug|Any CPU
		{165FF38E-6B07-4B70-8E77-F37FA1326239}.Debug|Any CPU.Build.0 = Debug|Any CPU
		{165FF38E-6B07-4B70-8E77-F37FA1326239}.Release|Any CPU.ActiveCfg = Release|Any CPU
		{165FF38E-6B07-4B70-8E77-F37FA1326239}.Release|Any CPU.Build.0 = Release|Any CPU
	EndGlobalSection
	GlobalSection(SolutionProperties) = preSolution
		HideSolutionNode = FALSE
	EndGlobalSection
	GlobalSection(ExtensibilityGlobals) = postSolution
		SolutionGuid = {C36BF30A-0359-4AE2-A29F-0B23F9F9DA5E}
	EndGlobalSection
EndGlobal
