
Microsoft Visual Studio Solution File, Format Version 12.00
# Visual Studio Version 17
VisualStudioVersion = 17.0.32014.148
MinimumVisualStudioVersion = 10.0.40219.1
Project("{FAE04EC0-301F-11D3-BF4B-00C04F79EFBC}") = "P01.CountSameValuesInArray", "P01.CountSameValuesInArray\P01.CountSameValuesInArray.csproj", "{1AEA1D06-8D16-4FE3-8CF1-A3155889D708}"
EndProject
Project("{FAE04EC0-301F-11D3-BF4B-00C04F79EFBC}") = "P02.AverageStudentGrades", "P02.AverageStudentGrades\P02.AverageStudentGrades.csproj", "{DBBC2232-8F0C-44C9-83BE-82D6737165A5}"
EndProject
Project("{FAE04EC0-301F-11D3-BF4B-00C04F79EFBC}") = "P03.Largest3Numbers", "P03.Largest3Numbers\P03.Largest3Numbers.csproj", "{2FF176B2-6C31-4366-975B-ACA5594CB318}"
EndProject
Global
	GlobalSection(SolutionConfigurationPlatforms) = preSolution
		Debug|Any CPU = Debug|Any CPU
		Release|Any CPU = Release|Any CPU
	EndGlobalSection
	GlobalSection(ProjectConfigurationPlatforms) = postSolution
		{1AEA1D06-8D16-4FE3-8CF1-A3155889D708}.Debug|Any CPU.ActiveCfg = Debug|Any CPU
		{1AEA1D06-8D16-4FE3-8CF1-A3155889D708}.Debug|Any CPU.Build.0 = Debug|Any CPU
		{1AEA1D06-8D16-4FE3-8CF1-A3155889D708}.Release|Any CPU.ActiveCfg = Release|Any CPU
		{1AEA1D06-8D16-4FE3-8CF1-A3155889D708}.Release|Any CPU.Build.0 = Release|Any CPU
		{DBBC2232-8F0C-44C9-83BE-82D6737165A5}.Debug|Any CPU.ActiveCfg = Debug|Any CPU
		{DBBC2232-8F0C-44C9-83BE-82D6737165A5}.Debug|Any CPU.Build.0 = Debug|Any CPU
		{DBBC2232-8F0C-44C9-83BE-82D6737165A5}.Release|Any CPU.ActiveCfg = Release|Any CPU
		{DBBC2232-8F0C-44C9-83BE-82D6737165A5}.Release|Any CPU.Build.0 = Release|Any CPU
		{2FF176B2-6C31-4366-975B-ACA5594CB318}.Debug|Any CPU.ActiveCfg = Debug|Any CPU
		{2FF176B2-6C31-4366-975B-ACA5594CB318}.Debug|Any CPU.Build.0 = Debug|Any CPU
		{2FF176B2-6C31-4366-975B-ACA5594CB318}.Release|Any CPU.ActiveCfg = Release|Any CPU
		{2FF176B2-6C31-4366-975B-ACA5594CB318}.Release|Any CPU.Build.0 = Release|Any CPU
	EndGlobalSection
	GlobalSection(SolutionProperties) = preSolution
		HideSolutionNode = FALSE
	EndGlobalSection
	GlobalSection(ExtensibilityGlobals) = postSolution
		SolutionGuid = {42A374DB-E876-4FD8-AD3D-EBDCC7C58D71}
	EndGlobalSection
EndGlobal
