
Microsoft Visual Studio Solution File, Format Version 12.00
# Visual Studio Version 17
VisualStudioVersion = 17.0.32014.148
MinimumVisualStudioVersion = 10.0.40219.1
Project("{FAE04EC0-301F-11D3-BF4B-00C04F79EFBC}") = "P01.ReverseStrings", "P01.ReverseStrings\P01.ReverseStrings.csproj", "{7BEFF7C6-10D7-43E0-9D4B-E4A8A5C17BCF}"
EndProject
Project("{FAE04EC0-301F-11D3-BF4B-00C04F79EFBC}") = "P02.StackSum", "P02.StackSum\P02.StackSum.csproj", "{6CF532DC-A2F0-428F-888E-5F896E4D5864}"
EndProject
Project("{FAE04EC0-301F-11D3-BF4B-00C04F79EFBC}") = "P03.SimpleCalculator", "P03.SimpleCalculator\P03.SimpleCalculator.csproj", "{F8D5368E-F20A-4785-8087-69DDE60FD330}"
EndProject
Project("{FAE04EC0-301F-11D3-BF4B-00C04F79EFBC}") = "P04.MarchingBrackets", "P04.MarchingBrackets\P04.MarchingBrackets.csproj", "{9972C408-B3F6-4E2D-B7A3-693AB214A152}"
EndProject
Project("{FAE04EC0-301F-11D3-BF4B-00C04F79EFBC}") = "P05.PrintEvenNumbers", "P05.PrintEvenNumbers\P05.PrintEvenNumbers.csproj", "{58D23E9E-90CA-4A83-8216-CAC4F20643E3}"
EndProject
Project("{FAE04EC0-301F-11D3-BF4B-00C04F79EFBC}") = "P06.SuperMarket", "P06.SuperMarket\P06.SuperMarket.csproj", "{D273F739-6EDB-4119-BCF3-B5B4A2F98A76}"
EndProject
Project("{FAE04EC0-301F-11D3-BF4B-00C04F79EFBC}") = "P07.HotPotato", "P07.HotPotato\P07.HotPotato.csproj", "{C5762FA3-CF58-46C4-AC7B-9DA8A5586697}"
EndProject
Project("{FAE04EC0-301F-11D3-BF4B-00C04F79EFBC}") = "P08.TrafficJam", "P08.TrafficJam\P08.TrafficJam.csproj", "{F933B699-418A-45D2-A9C2-4522DCDA181D}"
EndProject
Global
	GlobalSection(SolutionConfigurationPlatforms) = preSolution
		Debug|Any CPU = Debug|Any CPU
		Release|Any CPU = Release|Any CPU
	EndGlobalSection
	GlobalSection(ProjectConfigurationPlatforms) = postSolution
		{7BEFF7C6-10D7-43E0-9D4B-E4A8A5C17BCF}.Debug|Any CPU.ActiveCfg = Debug|Any CPU
		{7BEFF7C6-10D7-43E0-9D4B-E4A8A5C17BCF}.Debug|Any CPU.Build.0 = Debug|Any CPU
		{7BEFF7C6-10D7-43E0-9D4B-E4A8A5C17BCF}.Release|Any CPU.ActiveCfg = Release|Any CPU
		{7BEFF7C6-10D7-43E0-9D4B-E4A8A5C17BCF}.Release|Any CPU.Build.0 = Release|Any CPU
		{6CF532DC-A2F0-428F-888E-5F896E4D5864}.Debug|Any CPU.ActiveCfg = Debug|Any CPU
		{6CF532DC-A2F0-428F-888E-5F896E4D5864}.Debug|Any CPU.Build.0 = Debug|Any CPU
		{6CF532DC-A2F0-428F-888E-5F896E4D5864}.Release|Any CPU.ActiveCfg = Release|Any CPU
		{6CF532DC-A2F0-428F-888E-5F896E4D5864}.Release|Any CPU.Build.0 = Release|Any CPU
		{F8D5368E-F20A-4785-8087-69DDE60FD330}.Debug|Any CPU.ActiveCfg = Debug|Any CPU
		{F8D5368E-F20A-4785-8087-69DDE60FD330}.Debug|Any CPU.Build.0 = Debug|Any CPU
		{F8D5368E-F20A-4785-8087-69DDE60FD330}.Release|Any CPU.ActiveCfg = Release|Any CPU
		{F8D5368E-F20A-4785-8087-69DDE60FD330}.Release|Any CPU.Build.0 = Release|Any CPU
		{9972C408-B3F6-4E2D-B7A3-693AB214A152}.Debug|Any CPU.ActiveCfg = Debug|Any CPU
		{9972C408-B3F6-4E2D-B7A3-693AB214A152}.Debug|Any CPU.Build.0 = Debug|Any CPU
		{9972C408-B3F6-4E2D-B7A3-693AB214A152}.Release|Any CPU.ActiveCfg = Release|Any CPU
		{9972C408-B3F6-4E2D-B7A3-693AB214A152}.Release|Any CPU.Build.0 = Release|Any CPU
		{58D23E9E-90CA-4A83-8216-CAC4F20643E3}.Debug|Any CPU.ActiveCfg = Debug|Any CPU
		{58D23E9E-90CA-4A83-8216-CAC4F20643E3}.Debug|Any CPU.Build.0 = Debug|Any CPU
		{58D23E9E-90CA-4A83-8216-CAC4F20643E3}.Release|Any CPU.ActiveCfg = Release|Any CPU
		{58D23E9E-90CA-4A83-8216-CAC4F20643E3}.Release|Any CPU.Build.0 = Release|Any CPU
		{D273F739-6EDB-4119-BCF3-B5B4A2F98A76}.Debug|Any CPU.ActiveCfg = Debug|Any CPU
		{D273F739-6EDB-4119-BCF3-B5B4A2F98A76}.Debug|Any CPU.Build.0 = Debug|Any CPU
		{D273F739-6EDB-4119-BCF3-B5B4A2F98A76}.Release|Any CPU.ActiveCfg = Release|Any CPU
		{D273F739-6EDB-4119-BCF3-B5B4A2F98A76}.Release|Any CPU.Build.0 = Release|Any CPU
		{C5762FA3-CF58-46C4-AC7B-9DA8A5586697}.Debug|Any CPU.ActiveCfg = Debug|Any CPU
		{C5762FA3-CF58-46C4-AC7B-9DA8A5586697}.Debug|Any CPU.Build.0 = Debug|Any CPU
		{C5762FA3-CF58-46C4-AC7B-9DA8A5586697}.Release|Any CPU.ActiveCfg = Release|Any CPU
		{C5762FA3-CF58-46C4-AC7B-9DA8A5586697}.Release|Any CPU.Build.0 = Release|Any CPU
		{F933B699-418A-45D2-A9C2-4522DCDA181D}.Debug|Any CPU.ActiveCfg = Debug|Any CPU
		{F933B699-418A-45D2-A9C2-4522DCDA181D}.Debug|Any CPU.Build.0 = Debug|Any CPU
		{F933B699-418A-45D2-A9C2-4522DCDA181D}.Release|Any CPU.ActiveCfg = Release|Any CPU
		{F933B699-418A-45D2-A9C2-4522DCDA181D}.Release|Any CPU.Build.0 = Release|Any CPU
	EndGlobalSection
	GlobalSection(SolutionProperties) = preSolution
		HideSolutionNode = FALSE
	EndGlobalSection
	GlobalSection(ExtensibilityGlobals) = postSolution
		SolutionGuid = {0F985501-28BD-47AF-99B1-BB8BD5D81909}
	EndGlobalSection
EndGlobal
