
Microsoft Visual Studio Solution File, Format Version 12.00
# Visual Studio Version 17
VisualStudioVersion = 17.0.32014.148
MinimumVisualStudioVersion = 10.0.40219.1
Project("{9A19103F-16F7-4668-BE54-9A1E7A4F7556}") = "P01.DiagonalDifference", "P01.DiagonalDifference\P01.DiagonalDifference.csproj", "{975EC857-6D29-4353-BC4D-227EB4D44E50}"
EndProject
Project("{FAE04EC0-301F-11D3-BF4B-00C04F79EFBC}") = "P02.SquaresInMatrix", "P02.SquaresInMatrix\P02.SquaresInMatrix.csproj", "{56070502-5772-42D4-A9AF-767AA83DD036}"
EndProject
Project("{FAE04EC0-301F-11D3-BF4B-00C04F79EFBC}") = "P03.MaximalSum", "P03.MaximalSum\P03.MaximalSum.csproj", "{49A714C4-ECF1-4EAF-856A-FE3DAFE0AAEC}"
EndProject
Global
	GlobalSection(SolutionConfigurationPlatforms) = preSolution
		Debug|Any CPU = Debug|Any CPU
		Release|Any CPU = Release|Any CPU
	EndGlobalSection
	GlobalSection(ProjectConfigurationPlatforms) = postSolution
		{975EC857-6D29-4353-BC4D-227EB4D44E50}.Debug|Any CPU.ActiveCfg = Debug|Any CPU
		{975EC857-6D29-4353-BC4D-227EB4D44E50}.Debug|Any CPU.Build.0 = Debug|Any CPU
		{975EC857-6D29-4353-BC4D-227EB4D44E50}.Release|Any CPU.ActiveCfg = Release|Any CPU
		{975EC857-6D29-4353-BC4D-227EB4D44E50}.Release|Any CPU.Build.0 = Release|Any CPU
		{56070502-5772-42D4-A9AF-767AA83DD036}.Debug|Any CPU.ActiveCfg = Debug|Any CPU
		{56070502-5772-42D4-A9AF-767AA83DD036}.Debug|Any CPU.Build.0 = Debug|Any CPU
		{56070502-5772-42D4-A9AF-767AA83DD036}.Release|Any CPU.ActiveCfg = Release|Any CPU
		{56070502-5772-42D4-A9AF-767AA83DD036}.Release|Any CPU.Build.0 = Release|Any CPU
		{49A714C4-ECF1-4EAF-856A-FE3DAFE0AAEC}.Debug|Any CPU.ActiveCfg = Debug|Any CPU
		{49A714C4-ECF1-4EAF-856A-FE3DAFE0AAEC}.Debug|Any CPU.Build.0 = Debug|Any CPU
		{49A714C4-ECF1-4EAF-856A-FE3DAFE0AAEC}.Release|Any CPU.ActiveCfg = Release|Any CPU
		{49A714C4-ECF1-4EAF-856A-FE3DAFE0AAEC}.Release|Any CPU.Build.0 = Release|Any CPU
	EndGlobalSection
	GlobalSection(SolutionProperties) = preSolution
		HideSolutionNode = FALSE
	EndGlobalSection
	GlobalSection(ExtensibilityGlobals) = postSolution
		SolutionGuid = {C92E9D84-7A30-4438-9701-D99477BEF8E6}
	EndGlobalSection
EndGlobal
