
Microsoft Visual Studio Solution File, Format Version 12.00
# Visual Studio Version 17
VisualStudioVersion = 17.0.32014.148
MinimumVisualStudioVersion = 10.0.40219.1
Project("{9A19103F-16F7-4668-BE54-9A1E7A4F7556}") = "P01.DiagonalDifference", "P01.DiagonalDifference\P01.DiagonalDifference.csproj", "{975EC857-6D29-4353-BC4D-227EB4D44E50}"
EndProject
Project("{9A19103F-16F7-4668-BE54-9A1E7A4F7556}") = "P02.SquaresInMatrix", "P02.SquaresInMatrix\P02.SquaresInMatrix.csproj", "{56070502-5772-42D4-A9AF-767AA83DD036}"
EndProject
Project("{9A19103F-16F7-4668-BE54-9A1E7A4F7556}") = "P03.MaximalSum", "P03.MaximalSum\P03.MaximalSum.csproj", "{49A714C4-ECF1-4EAF-856A-FE3DAFE0AAEC}"
EndProject
Project("{9A19103F-16F7-4668-BE54-9A1E7A4F7556}") = "P04.MatrixShuffling", "P04.MatrixShuffling\P04.MatrixShuffling.csproj", "{91D7FD2D-2137-4C4C-BC57-7D750CC85516}"
EndProject
Project("{9A19103F-16F7-4668-BE54-9A1E7A4F7556}") = "P05.SnakeMoves", "P05.SnakeMoves\P05.SnakeMoves.csproj", "{0C21073C-964C-4B93-89BB-9F03FAF2BCD1}"
EndProject
Project("{9A19103F-16F7-4668-BE54-9A1E7A4F7556}") = "P06.JaggedArrayManipulator", "P06.JaggedArrayManipulator\P06.JaggedArrayManipulator.csproj", "{548641C4-DF5E-4856-B749-CEDF79DD8FDC}"
EndProject
Project("{9A19103F-16F7-4668-BE54-9A1E7A4F7556}") = "P07.KnightGame", "P07.KnightGame\P07.KnightGame.csproj", "{C7A0CFFD-83E0-42B3-8519-047B5466FDCD}"
EndProject
Project("{9A19103F-16F7-4668-BE54-9A1E7A4F7556}") = "P08.Bombs", "P08.Bombs\P08.Bombs.csproj", "{75ABB654-76CF-46B3-8D76-2949989A4ADC}"
EndProject
Project("{FAE04EC0-301F-11D3-BF4B-00C04F79EFBC}") = "P09.Miner", "P09.Miner\P09.Miner.csproj", "{6060895B-40C8-4906-B9EA-4A87FF4763D3}"
EndProject
Global
	GlobalSection(SolutionConfigurationPlatforms) = preSolution
		Debug|Any CPU = Debug|Any CPU
		Release|Any CPU = Release|Any CPU
	EndGlobalSection
	GlobalSection(ProjectConfigurationPlatforms) = postSolution
		{975EC857-6D29-4353-BC4D-227EB4D44E50}.Debug|Any CPU.ActiveCfg = Debug|Any CPU
		{975EC857-6D29-4353-BC4D-227EB4D44E50}.Debug|Any CPU.Build.0 = Debug|Any CPU
		{975EC857-6D29-4353-BC4D-227EB4D44E50}.Release|Any CPU.ActiveCfg = Release|Any CPU
		{975EC857-6D29-4353-BC4D-227EB4D44E50}.Release|Any CPU.Build.0 = Release|Any CPU
		{56070502-5772-42D4-A9AF-767AA83DD036}.Debug|Any CPU.ActiveCfg = Debug|Any CPU
		{56070502-5772-42D4-A9AF-767AA83DD036}.Debug|Any CPU.Build.0 = Debug|Any CPU
		{56070502-5772-42D4-A9AF-767AA83DD036}.Release|Any CPU.ActiveCfg = Release|Any CPU
		{56070502-5772-42D4-A9AF-767AA83DD036}.Release|Any CPU.Build.0 = Release|Any CPU
		{49A714C4-ECF1-4EAF-856A-FE3DAFE0AAEC}.Debug|Any CPU.ActiveCfg = Debug|Any CPU
		{49A714C4-ECF1-4EAF-856A-FE3DAFE0AAEC}.Debug|Any CPU.Build.0 = Debug|Any CPU
		{49A714C4-ECF1-4EAF-856A-FE3DAFE0AAEC}.Release|Any CPU.ActiveCfg = Release|Any CPU
		{49A714C4-ECF1-4EAF-856A-FE3DAFE0AAEC}.Release|Any CPU.Build.0 = Release|Any CPU
		{91D7FD2D-2137-4C4C-BC57-7D750CC85516}.Debug|Any CPU.ActiveCfg = Debug|Any CPU
		{91D7FD2D-2137-4C4C-BC57-7D750CC85516}.Debug|Any CPU.Build.0 = Debug|Any CPU
		{91D7FD2D-2137-4C4C-BC57-7D750CC85516}.Release|Any CPU.ActiveCfg = Release|Any CPU
		{91D7FD2D-2137-4C4C-BC57-7D750CC85516}.Release|Any CPU.Build.0 = Release|Any CPU
		{0C21073C-964C-4B93-89BB-9F03FAF2BCD1}.Debug|Any CPU.ActiveCfg = Debug|Any CPU
		{0C21073C-964C-4B93-89BB-9F03FAF2BCD1}.Debug|Any CPU.Build.0 = Debug|Any CPU
		{0C21073C-964C-4B93-89BB-9F03FAF2BCD1}.Release|Any CPU.ActiveCfg = Release|Any CPU
		{0C21073C-964C-4B93-89BB-9F03FAF2BCD1}.Release|Any CPU.Build.0 = Release|Any CPU
		{548641C4-DF5E-4856-B749-CEDF79DD8FDC}.Debug|Any CPU.ActiveCfg = Debug|Any CPU
		{548641C4-DF5E-4856-B749-CEDF79DD8FDC}.Debug|Any CPU.Build.0 = Debug|Any CPU
		{548641C4-DF5E-4856-B749-CEDF79DD8FDC}.Release|Any CPU.ActiveCfg = Release|Any CPU
		{548641C4-DF5E-4856-B749-CEDF79DD8FDC}.Release|Any CPU.Build.0 = Release|Any CPU
		{C7A0CFFD-83E0-42B3-8519-047B5466FDCD}.Debug|Any CPU.ActiveCfg = Debug|Any CPU
		{C7A0CFFD-83E0-42B3-8519-047B5466FDCD}.Debug|Any CPU.Build.0 = Debug|Any CPU
		{C7A0CFFD-83E0-42B3-8519-047B5466FDCD}.Release|Any CPU.ActiveCfg = Release|Any CPU
		{C7A0CFFD-83E0-42B3-8519-047B5466FDCD}.Release|Any CPU.Build.0 = Release|Any CPU
		{75ABB654-76CF-46B3-8D76-2949989A4ADC}.Debug|Any CPU.ActiveCfg = Debug|Any CPU
		{75ABB654-76CF-46B3-8D76-2949989A4ADC}.Debug|Any CPU.Build.0 = Debug|Any CPU
		{75ABB654-76CF-46B3-8D76-2949989A4ADC}.Release|Any CPU.ActiveCfg = Release|Any CPU
		{75ABB654-76CF-46B3-8D76-2949989A4ADC}.Release|Any CPU.Build.0 = Release|Any CPU
		{6060895B-40C8-4906-B9EA-4A87FF4763D3}.Debug|Any CPU.ActiveCfg = Debug|Any CPU
		{6060895B-40C8-4906-B9EA-4A87FF4763D3}.Debug|Any CPU.Build.0 = Debug|Any CPU
		{6060895B-40C8-4906-B9EA-4A87FF4763D3}.Release|Any CPU.ActiveCfg = Release|Any CPU
		{6060895B-40C8-4906-B9EA-4A87FF4763D3}.Release|Any CPU.Build.0 = Release|Any CPU
	EndGlobalSection
	GlobalSection(SolutionProperties) = preSolution
		HideSolutionNode = FALSE
	EndGlobalSection
	GlobalSection(ExtensibilityGlobals) = postSolution
		SolutionGuid = {C92E9D84-7A30-4438-9701-D99477BEF8E6}
	EndGlobalSection
EndGlobal
