
Microsoft Visual Studio Solution File, Format Version 12.00
# Visual Studio Version 16
VisualStudioVersion = 16.0.31702.278
MinimumVisualStudioVersion = 10.0.40219.1
Project("{FAE04EC0-301F-11D3-BF4B-00C04F79EFBC}") = "P01.DiagonalDifference", "P01.DiagonalDifference\P01.DiagonalDifference.csproj", "{975EC857-6D29-4353-BC4D-227EB4D44E50}"
EndProject
Global
	GlobalSection(SolutionConfigurationPlatforms) = preSolution
		Debug|Any CPU = Debug|Any CPU
		Release|Any CPU = Release|Any CPU
	EndGlobalSection
	GlobalSection(ProjectConfigurationPlatforms) = postSolution
		{975EC857-6D29-4353-BC4D-227EB4D44E50}.Debug|Any CPU.ActiveCfg = Debug|Any CPU
		{975EC857-6D29-4353-BC4D-227EB4D44E50}.Debug|Any CPU.Build.0 = Debug|Any CPU
		{975EC857-6D29-4353-BC4D-227EB4D44E50}.Release|Any CPU.ActiveCfg = Release|Any CPU
		{975EC857-6D29-4353-BC4D-227EB4D44E50}.Release|Any CPU.Build.0 = Release|Any CPU
	EndGlobalSection
	GlobalSection(SolutionProperties) = preSolution
		HideSolutionNode = FALSE
	EndGlobalSection
	GlobalSection(ExtensibilityGlobals) = postSolution
		SolutionGuid = {C92E9D84-7A30-4438-9701-D99477BEF8E6}
	EndGlobalSection
EndGlobal
